
Microsoft Visual Studio Solution File, Format Version 12.00
# Visual Studio 15
VisualStudioVersion = 15.0.26730.15
MinimumVisualStudioVersion = 10.0.40219.1
Project("{FAE04EC0-301F-11D3-BF4B-00C04F79EFBC}") = "CompoundInterestTDD", "CompoundInterestTDD\CompoundInterestTDD.csproj", "{DB015C34-4AA7-412D-81DB-E00A0E5F4947}"
EndProject
Global
	GlobalSection(SolutionConfigurationPlatforms) = preSolution
		Debug|Any CPU = Debug|Any CPU
		Release|Any CPU = Release|Any CPU
	EndGlobalSection
	GlobalSection(ProjectConfigurationPlatforms) = postSolution
		{DB015C34-4AA7-412D-81DB-E00A0E5F4947}.Debug|Any CPU.ActiveCfg = Debug|Any CPU
		{DB015C34-4AA7-412D-81DB-E00A0E5F4947}.Debug|Any CPU.Build.0 = Debug|Any CPU
		{DB015C34-4AA7-412D-81DB-E00A0E5F4947}.Release|Any CPU.ActiveCfg = Release|Any CPU
		{DB015C34-4AA7-412D-81DB-E00A0E5F4947}.Release|Any CPU.Build.0 = Release|Any CPU
	EndGlobalSection
	GlobalSection(SolutionProperties) = preSolution
		HideSolutionNode = FALSE
	EndGlobalSection
	GlobalSection(ExtensibilityGlobals) = postSolution
		SolutionGuid = {060D03CC-132F-4AF9-83AC-6A8EEB2346D0}
	EndGlobalSection
EndGlobal
